
Microsoft Visual Studio Solution File, Format Version 12.00
# Visual Studio 15
VisualStudioVersion = 15.0.27004.2008
MinimumVisualStudioVersion = 10.0.40219.1
Project("{FAE04EC0-301F-11D3-BF4B-00C04F79EFBC}") = "Pindelisten", "Pindelisten\Pindelisten.csproj", "{CF36E6E9-C07B-4ECA-A5D8-729C34782166}"
EndProject
Global
	GlobalSection(SolutionConfigurationPlatforms) = preSolution
		Debug|Any CPU = Debug|Any CPU
		Release|Any CPU = Release|Any CPU
	EndGlobalSection
	GlobalSection(ProjectConfigurationPlatforms) = postSolution
		{CF36E6E9-C07B-4ECA-A5D8-729C34782166}.Debug|Any CPU.ActiveCfg = Debug|Any CPU
		{CF36E6E9-C07B-4ECA-A5D8-729C34782166}.Debug|Any CPU.Build.0 = Debug|Any CPU
		{CF36E6E9-C07B-4ECA-A5D8-729C34782166}.Release|Any CPU.ActiveCfg = Release|Any CPU
		{CF36E6E9-C07B-4ECA-A5D8-729C34782166}.Release|Any CPU.Build.0 = Release|Any CPU
	EndGlobalSection
	GlobalSection(SolutionProperties) = preSolution
		HideSolutionNode = FALSE
	EndGlobalSection
	GlobalSection(ExtensibilityGlobals) = postSolution
		SolutionGuid = {6A8C7BE7-DE67-483E-8919-3A72E1253D04}
	EndGlobalSection
EndGlobal
